// !$*UTF8*$!
{
	archiveVersion = 1;
	classes = {
	};
	objectVersion = 54;
	objects = {

/* Begin PBXBuildFile section */
		00E356F31AD99517003FC87E /* TimbuktuTests.m in Sources */ = {isa = PBXBuildFile; fileRef = 00E356F21AD99517003FC87E /* TimbuktuTests.m */; };
		13B07FBC1A68108700A75B9A /* AppDelegate.mm in Sources */ = {isa = PBXBuildFile; fileRef = 13B07FB01A68108700A75B9A /* AppDelegate.mm */; };
		13B07FBF1A68108700A75B9A /* Images.xcassets in Resources */ = {isa = PBXBuildFile; fileRef = 13B07FB51A68108700A75B9A /* Images.xcassets */; };
		13B07FC11A68108700A75B9A /* main.m in Sources */ = {isa = PBXBuildFile; fileRef = 13B07FB71A68108700A75B9A /* main.m */; };
		226C02D22C2D6B9E00F99F01 /* Fontisto.ttf in Resources */ = {isa = PBXBuildFile; fileRef = 226C02BF2C2D6B9E00F99F01 /* Fontisto.ttf */; };
		226C02D32C2D6B9E00F99F01 /* Octicons.ttf in Resources */ = {isa = PBXBuildFile; fileRef = 226C02C02C2D6B9E00F99F01 /* Octicons.ttf */; };
		226C02D42C2D6B9E00F99F01 /* Feather.ttf in Resources */ = {isa = PBXBuildFile; fileRef = 226C02C12C2D6B9E00F99F01 /* Feather.ttf */; };
		226C02D52C2D6B9E00F99F01 /* FontAwesome6_Regular.ttf in Resources */ = {isa = PBXBuildFile; fileRef = 226C02C22C2D6B9E00F99F01 /* FontAwesome6_Regular.ttf */; };
		226C02D62C2D6B9E00F99F01 /* Entypo.ttf in Resources */ = {isa = PBXBuildFile; fileRef = 226C02C32C2D6B9E00F99F01 /* Entypo.ttf */; };
		226C02D72C2D6B9E00F99F01 /* FontAwesome5_Brands.ttf in Resources */ = {isa = PBXBuildFile; fileRef = 226C02C42C2D6B9E00F99F01 /* FontAwesome5_Brands.ttf */; };
		226C02D82C2D6B9E00F99F01 /* MaterialCommunityIcons.ttf in Resources */ = {isa = PBXBuildFile; fileRef = 226C02C52C2D6B9E00F99F01 /* MaterialCommunityIcons.ttf */; };
		226C02D92C2D6B9E00F99F01 /* AntDesign.ttf in Resources */ = {isa = PBXBuildFile; fileRef = 226C02C62C2D6B9E00F99F01 /* AntDesign.ttf */; };
		226C02DA2C2D6B9E00F99F01 /* Foundation.ttf in Resources */ = {isa = PBXBuildFile; fileRef = 226C02C72C2D6B9E00F99F01 /* Foundation.ttf */; };
		226C02DB2C2D6B9E00F99F01 /* Ionicons.ttf in Resources */ = {isa = PBXBuildFile; fileRef = 226C02C82C2D6B9E00F99F01 /* Ionicons.ttf */; };
		226C02DC2C2D6B9E00F99F01 /* FontAwesome5_Solid.ttf in Resources */ = {isa = PBXBuildFile; fileRef = 226C02C92C2D6B9E00F99F01 /* FontAwesome5_Solid.ttf */; };
		226C02DD2C2D6B9E00F99F01 /* FontAwesome5_Regular.ttf in Resources */ = {isa = PBXBuildFile; fileRef = 226C02CA2C2D6B9E00F99F01 /* FontAwesome5_Regular.ttf */; };
		226C02DE2C2D6B9E00F99F01 /* FontAwesome.ttf in Resources */ = {isa = PBXBuildFile; fileRef = 226C02CB2C2D6B9E00F99F01 /* FontAwesome.ttf */; };
		226C02DF2C2D6B9E00F99F01 /* Zocial.ttf in Resources */ = {isa = PBXBuildFile; fileRef = 226C02CC2C2D6B9E00F99F01 /* Zocial.ttf */; };
		226C02E02C2D6B9E00F99F01 /* EvilIcons.ttf in Resources */ = {isa = PBXBuildFile; fileRef = 226C02CD2C2D6B9E00F99F01 /* EvilIcons.ttf */; };
		226C02E12C2D6B9E00F99F01 /* FontAwesome6_Solid.ttf in Resources */ = {isa = PBXBuildFile; fileRef = 226C02CE2C2D6B9E00F99F01 /* FontAwesome6_Solid.ttf */; };
		226C02E22C2D6B9E00F99F01 /* SimpleLineIcons.ttf in Resources */ = {isa = PBXBuildFile; fileRef = 226C02CF2C2D6B9E00F99F01 /* SimpleLineIcons.ttf */; };
		226C02E32C2D6B9E00F99F01 /* FontAwesome6_Brands.ttf in Resources */ = {isa = PBXBuildFile; fileRef = 226C02D02C2D6B9E00F99F01 /* FontAwesome6_Brands.ttf */; };
		226C02E42C2D6B9E00F99F01 /* MaterialIcons.ttf in Resources */ = {isa = PBXBuildFile; fileRef = 226C02D12C2D6B9E00F99F01 /* MaterialIcons.ttf */; };
		3EB919F61EEA43A89D26CC07 /* Poppins-Thin.ttf in Resources */ = {isa = PBXBuildFile; fileRef = DE85924B28024376B87F0EBF /* Poppins-Thin.ttf */; };
		46D3D59250FC4417B3B107AD /* Poppins-Bold.ttf in Resources */ = {isa = PBXBuildFile; fileRef = 37A12FB590B8486EA5D92170 /* Poppins-Bold.ttf */; };
		5CDEA7E59F0D4C0CA0972DB4 /* Poppins-Light.ttf in Resources */ = {isa = PBXBuildFile; fileRef = B9D74E840A744ECEAD57FF3A /* Poppins-Light.ttf */; };
		6132EF182BDFF13200BBE14D /* PrivacyInfo.xcprivacy in Resources */ = {isa = PBXBuildFile; fileRef = 6132EF172BDFF13200BBE14D /* PrivacyInfo.xcprivacy */; };
		6BCC7E35CE0B4B9C93289518 /* Poppins-ExtraLight.ttf in Resources */ = {isa = PBXBuildFile; fileRef = BC1ABB7FE84B4A4A8591CB29 /* Poppins-ExtraLight.ttf */; };
		75BCD6F43DFC4E68946D4727 /* Poppins-ExtraBold.ttf in Resources */ = {isa = PBXBuildFile; fileRef = C02D70C8FB9942FDB662278C /* Poppins-ExtraBold.ttf */; };
		81AB9BB82411601600AC10FF /* LaunchScreen.storyboard in Resources */ = {isa = PBXBuildFile; fileRef = 81AB9BB72411601600AC10FF /* LaunchScreen.storyboard */; };
		851E77D856EA205C6CCC7287 /* libPods-Timbuktu.a in Frameworks */ = {isa = PBXBuildFile; fileRef = 1DBD58F65BB0ABD4E2A60B13 /* libPods-Timbuktu.a */; };
		87A40F434C0A4F0BB598E7B2 /* Poppins-Black.ttf in Resources */ = {isa = PBXBuildFile; fileRef = 6B53501D261F489085AEC59D /* Poppins-Black.ttf */; };
		AEF18853DE194C8DB38BAF98 /* Poppins-SemiBold.ttf in Resources */ = {isa = PBXBuildFile; fileRef = ACCA21F692634958A60DA04A /* Poppins-SemiBold.ttf */; };
		D8514C51FDC949C6BF6AF0A9 /* Poppins-Medium.ttf in Resources */ = {isa = PBXBuildFile; fileRef = CEAA1341559041E7BE359943 /* Poppins-Medium.ttf */; };
		FCDC6758E2DD19F9FBAA3F53 /* libPods-Timbuktu-TimbuktuTests.a in Frameworks */ = {isa = PBXBuildFile; fileRef = A73DE809575D520A370D2733 /* libPods-Timbuktu-TimbuktuTests.a */; };
		FFA189F75347451880E32BD7 /* Poppins-Regular.ttf in Resources */ = {isa = PBXBuildFile; fileRef = 45900CF5F76E4F1082616FCE /* Poppins-Regular.ttf */; };
/* End PBXBuildFile section */

/* Begin PBXContainerItemProxy section */
		00E356F41AD99517003FC87E /* PBXContainerItemProxy */ = {
			isa = PBXContainerItemProxy;
			containerPortal = 83CBB9F71A601CBA00E9B192 /* Project object */;
			proxyType = 1;
			remoteGlobalIDString = 13B07F861A680F5B00A75B9A;
			remoteInfo = Timbuktu;
		};
/* End PBXContainerItemProxy section */

/* Begin PBXFileReference section */
		00E356EE1AD99517003FC87E /* TimbuktuTests.xctest */ = {isa = PBXFileReference; explicitFileType = wrapper.cfbundle; includeInIndex = 0; path = TimbuktuTests.xctest; sourceTree = BUILT_PRODUCTS_DIR; };
		00E356F11AD99517003FC87E /* Info.plist */ = {isa = PBXFileReference; lastKnownFileType = text.plist.xml; path = Info.plist; sourceTree = "<group>"; };
		00E356F21AD99517003FC87E /* TimbuktuTests.m */ = {isa = PBXFileReference; lastKnownFileType = sourcecode.c.objc; path = TimbuktuTests.m; sourceTree = "<group>"; };
		13B07F961A680F5B00A75B9A /* Timbuktu.app */ = {isa = PBXFileReference; explicitFileType = wrapper.application; includeInIndex = 0; path = Timbuktu.app; sourceTree = BUILT_PRODUCTS_DIR; };
		13B07FAF1A68108700A75B9A /* AppDelegate.h */ = {isa = PBXFileReference; fileEncoding = 4; lastKnownFileType = sourcecode.c.h; name = AppDelegate.h; path = Timbuktu/AppDelegate.h; sourceTree = "<group>"; };
		13B07FB01A68108700A75B9A /* AppDelegate.mm */ = {isa = PBXFileReference; fileEncoding = 4; lastKnownFileType = sourcecode.cpp.objcpp; name = AppDelegate.mm; path = Timbuktu/AppDelegate.mm; sourceTree = "<group>"; };
		13B07FB51A68108700A75B9A /* Images.xcassets */ = {isa = PBXFileReference; lastKnownFileType = folder.assetcatalog; name = Images.xcassets; path = Timbuktu/Images.xcassets; sourceTree = "<group>"; };
		13B07FB61A68108700A75B9A /* Info.plist */ = {isa = PBXFileReference; fileEncoding = 4; lastKnownFileType = text.plist.xml; name = Info.plist; path = Timbuktu/Info.plist; sourceTree = "<group>"; };
		13B07FB71A68108700A75B9A /* main.m */ = {isa = PBXFileReference; fileEncoding = 4; lastKnownFileType = sourcecode.c.objc; name = main.m; path = Timbuktu/main.m; sourceTree = "<group>"; };
		1DBD58F65BB0ABD4E2A60B13 /* libPods-Timbuktu.a */ = {isa = PBXFileReference; explicitFileType = archive.ar; includeInIndex = 0; path = "libPods-Timbuktu.a"; sourceTree = BUILT_PRODUCTS_DIR; };
		226C02BF2C2D6B9E00F99F01 /* Fontisto.ttf */ = {isa = PBXFileReference; lastKnownFileType = file; path = Fontisto.ttf; sourceTree = "<group>"; };
		226C02C02C2D6B9E00F99F01 /* Octicons.ttf */ = {isa = PBXFileReference; lastKnownFileType = file; path = Octicons.ttf; sourceTree = "<group>"; };
		226C02C12C2D6B9E00F99F01 /* Feather.ttf */ = {isa = PBXFileReference; lastKnownFileType = file; path = Feather.ttf; sourceTree = "<group>"; };
		226C02C22C2D6B9E00F99F01 /* FontAwesome6_Regular.ttf */ = {isa = PBXFileReference; lastKnownFileType = file; path = FontAwesome6_Regular.ttf; sourceTree = "<group>"; };
		226C02C32C2D6B9E00F99F01 /* Entypo.ttf */ = {isa = PBXFileReference; lastKnownFileType = file; path = Entypo.ttf; sourceTree = "<group>"; };
		226C02C42C2D6B9E00F99F01 /* FontAwesome5_Brands.ttf */ = {isa = PBXFileReference; lastKnownFileType = file; path = FontAwesome5_Brands.ttf; sourceTree = "<group>"; };
		226C02C52C2D6B9E00F99F01 /* MaterialCommunityIcons.ttf */ = {isa = PBXFileReference; lastKnownFileType = file; path = MaterialCommunityIcons.ttf; sourceTree = "<group>"; };
		226C02C62C2D6B9E00F99F01 /* AntDesign.ttf */ = {isa = PBXFileReference; lastKnownFileType = file; path = AntDesign.ttf; sourceTree = "<group>"; };
		226C02C72C2D6B9E00F99F01 /* Foundation.ttf */ = {isa = PBXFileReference; lastKnownFileType = file; path = Foundation.ttf; sourceTree = "<group>"; };
		226C02C82C2D6B9E00F99F01 /* Ionicons.ttf */ = {isa = PBXFileReference; lastKnownFileType = file; path = Ionicons.ttf; sourceTree = "<group>"; };
		226C02C92C2D6B9E00F99F01 /* FontAwesome5_Solid.ttf */ = {isa = PBXFileReference; lastKnownFileType = file; path = FontAwesome5_Solid.ttf; sourceTree = "<group>"; };
		226C02CA2C2D6B9E00F99F01 /* FontAwesome5_Regular.ttf */ = {isa = PBXFileReference; lastKnownFileType = file; path = FontAwesome5_Regular.ttf; sourceTree = "<group>"; };
		226C02CB2C2D6B9E00F99F01 /* FontAwesome.ttf */ = {isa = PBXFileReference; lastKnownFileType = file; path = FontAwesome.ttf; sourceTree = "<group>"; };
		226C02CC2C2D6B9E00F99F01 /* Zocial.ttf */ = {isa = PBXFileReference; lastKnownFileType = file; path = Zocial.ttf; sourceTree = "<group>"; };
		226C02CD2C2D6B9E00F99F01 /* EvilIcons.ttf */ = {isa = PBXFileReference; lastKnownFileType = file; path = EvilIcons.ttf; sourceTree = "<group>"; };
		226C02CE2C2D6B9E00F99F01 /* FontAwesome6_Solid.ttf */ = {isa = PBXFileReference; lastKnownFileType = file; path = FontAwesome6_Solid.ttf; sourceTree = "<group>"; };
		226C02CF2C2D6B9E00F99F01 /* SimpleLineIcons.ttf */ = {isa = PBXFileReference; lastKnownFileType = file; path = SimpleLineIcons.ttf; sourceTree = "<group>"; };
		226C02D02C2D6B9E00F99F01 /* FontAwesome6_Brands.ttf */ = {isa = PBXFileReference; lastKnownFileType = file; path = FontAwesome6_Brands.ttf; sourceTree = "<group>"; };
		226C02D12C2D6B9E00F99F01 /* MaterialIcons.ttf */ = {isa = PBXFileReference; lastKnownFileType = file; path = MaterialIcons.ttf; sourceTree = "<group>"; };
		37A12FB590B8486EA5D92170 /* Poppins-Bold.ttf */ = {isa = PBXFileReference; explicitFileType = undefined; fileEncoding = 9; includeInIndex = 0; lastKnownFileType = unknown; name = "Poppins-Bold.ttf"; path = "../src/assets/fonts/Poppins-Bold.ttf"; sourceTree = "<group>"; };
		45900CF5F76E4F1082616FCE /* Poppins-Regular.ttf */ = {isa = PBXFileReference; explicitFileType = undefined; fileEncoding = 9; includeInIndex = 0; lastKnownFileType = unknown; name = "Poppins-Regular.ttf"; path = "../src/assets/fonts/Poppins-Regular.ttf"; sourceTree = "<group>"; };
		491FD71EFE54C79EA7882B7F /* Pods-Timbuktu-TimbuktuTests.release.xcconfig */ = {isa = PBXFileReference; includeInIndex = 1; lastKnownFileType = text.xcconfig; name = "Pods-Timbuktu-TimbuktuTests.release.xcconfig"; path = "Target Support Files/Pods-Timbuktu-TimbuktuTests/Pods-Timbuktu-TimbuktuTests.release.xcconfig"; sourceTree = "<group>"; };
		6132EF172BDFF13200BBE14D /* PrivacyInfo.xcprivacy */ = {isa = PBXFileReference; lastKnownFileType = text.xml; name = PrivacyInfo.xcprivacy; path = Timbuktu/PrivacyInfo.xcprivacy; sourceTree = "<group>"; };
		6B53501D261F489085AEC59D /* Poppins-Black.ttf */ = {isa = PBXFileReference; explicitFileType = undefined; fileEncoding = 9; includeInIndex = 0; lastKnownFileType = unknown; name = "Poppins-Black.ttf"; path = "../src/assets/fonts/Poppins-Black.ttf"; sourceTree = "<group>"; };
		717A6ECB9889C3BC03FA2675 /* Pods-Timbuktu.debug.xcconfig */ = {isa = PBXFileReference; includeInIndex = 1; lastKnownFileType = text.xcconfig; name = "Pods-Timbuktu.debug.xcconfig"; path = "Target Support Files/Pods-Timbuktu/Pods-Timbuktu.debug.xcconfig"; sourceTree = "<group>"; };
		81AB9BB72411601600AC10FF /* LaunchScreen.storyboard */ = {isa = PBXFileReference; fileEncoding = 4; lastKnownFileType = file.storyboard; name = LaunchScreen.storyboard; path = Timbuktu/LaunchScreen.storyboard; sourceTree = "<group>"; };
		A73DE809575D520A370D2733 /* libPods-Timbuktu-TimbuktuTests.a */ = {isa = PBXFileReference; explicitFileType = archive.ar; includeInIndex = 0; path = "libPods-Timbuktu-TimbuktuTests.a"; sourceTree = BUILT_PRODUCTS_DIR; };
		ACCA21F692634958A60DA04A /* Poppins-SemiBold.ttf */ = {isa = PBXFileReference; explicitFileType = undefined; fileEncoding = 9; includeInIndex = 0; lastKnownFileType = unknown; name = "Poppins-SemiBold.ttf"; path = "../src/assets/fonts/Poppins-SemiBold.ttf"; sourceTree = "<group>"; };
		B691D380A94B225E5CC5BA44 /* Pods-Timbuktu-TimbuktuTests.debug.xcconfig */ = {isa = PBXFileReference; includeInIndex = 1; lastKnownFileType = text.xcconfig; name = "Pods-Timbuktu-TimbuktuTests.debug.xcconfig"; path = "Target Support Files/Pods-Timbuktu-TimbuktuTests/Pods-Timbuktu-TimbuktuTests.debug.xcconfig"; sourceTree = "<group>"; };
		B9D74E840A744ECEAD57FF3A /* Poppins-Light.ttf */ = {isa = PBXFileReference; explicitFileType = undefined; fileEncoding = 9; includeInIndex = 0; lastKnownFileType = unknown; name = "Poppins-Light.ttf"; path = "../src/assets/fonts/Poppins-Light.ttf"; sourceTree = "<group>"; };
		BC1ABB7FE84B4A4A8591CB29 /* Poppins-ExtraLight.ttf */ = {isa = PBXFileReference; explicitFileType = undefined; fileEncoding = 9; includeInIndex = 0; lastKnownFileType = unknown; name = "Poppins-ExtraLight.ttf"; path = "../src/assets/fonts/Poppins-ExtraLight.ttf"; sourceTree = "<group>"; };
		C02D70C8FB9942FDB662278C /* Poppins-ExtraBold.ttf */ = {isa = PBXFileReference; explicitFileType = undefined; fileEncoding = 9; includeInIndex = 0; lastKnownFileType = unknown; name = "Poppins-ExtraBold.ttf"; path = "../src/assets/fonts/Poppins-ExtraBold.ttf"; sourceTree = "<group>"; };
		CEAA1341559041E7BE359943 /* Poppins-Medium.ttf */ = {isa = PBXFileReference; explicitFileType = undefined; fileEncoding = 9; includeInIndex = 0; lastKnownFileType = unknown; name = "Poppins-Medium.ttf"; path = "../src/assets/fonts/Poppins-Medium.ttf"; sourceTree = "<group>"; };
		D996A616B8CDA5B399C9A8C0 /* Pods-Timbuktu.release.xcconfig */ = {isa = PBXFileReference; includeInIndex = 1; lastKnownFileType = text.xcconfig; name = "Pods-Timbuktu.release.xcconfig"; path = "Target Support Files/Pods-Timbuktu/Pods-Timbuktu.release.xcconfig"; sourceTree = "<group>"; };
		DE85924B28024376B87F0EBF /* Poppins-Thin.ttf */ = {isa = PBXFileReference; explicitFileType = undefined; fileEncoding = 9; includeInIndex = 0; lastKnownFileType = unknown; name = "Poppins-Thin.ttf"; path = "../src/assets/fonts/Poppins-Thin.ttf"; sourceTree = "<group>"; };
		ED297162215061F000B7C4FE /* JavaScriptCore.framework */ = {isa = PBXFileReference; lastKnownFileType = wrapper.framework; name = JavaScriptCore.framework; path = System/Library/Frameworks/JavaScriptCore.framework; sourceTree = SDKROOT; };
/* End PBXFileReference section */

/* Begin PBXFrameworksBuildPhase section */
		00E356EB1AD99517003FC87E /* Frameworks */ = {
			isa = PBXFrameworksBuildPhase;
			buildActionMask = 2147483647;
			files = (
				FCDC6758E2DD19F9FBAA3F53 /* libPods-Timbuktu-TimbuktuTests.a in Frameworks */,
			);
			runOnlyForDeploymentPostprocessing = 0;
		};
		13B07F8C1A680F5B00A75B9A /* Frameworks */ = {
			isa = PBXFrameworksBuildPhase;
			buildActionMask = 2147483647;
			files = (
				851E77D856EA205C6CCC7287 /* libPods-Timbuktu.a in Frameworks */,
			);
			runOnlyForDeploymentPostprocessing = 0;
		};
/* End PBXFrameworksBuildPhase section */

/* Begin PBXGroup section */
		00E356EF1AD99517003FC87E /* TimbuktuTests */ = {
			isa = PBXGroup;
			children = (
				00E356F21AD99517003FC87E /* TimbuktuTests.m */,
				00E356F01AD99517003FC87E /* Supporting Files */,
			);
			path = TimbuktuTests;
			sourceTree = "<group>";
		};
		00E356F01AD99517003FC87E /* Supporting Files */ = {
			isa = PBXGroup;
			children = (
				00E356F11AD99517003FC87E /* Info.plist */,
			);
			name = "Supporting Files";
			sourceTree = "<group>";
		};
		13B07FAE1A68108700A75B9A /* Timbuktu */ = {
			isa = PBXGroup;
			children = (
				226C02BE2C2D6B9E00F99F01 /* Fonts */,
				13B07FAF1A68108700A75B9A /* AppDelegate.h */,
				13B07FB01A68108700A75B9A /* AppDelegate.mm */,
				13B07FB51A68108700A75B9A /* Images.xcassets */,
				13B07FB61A68108700A75B9A /* Info.plist */,
				81AB9BB72411601600AC10FF /* LaunchScreen.storyboard */,
				13B07FB71A68108700A75B9A /* main.m */,
			);
			name = Timbuktu;
			sourceTree = "<group>";
		};
		226C02BE2C2D6B9E00F99F01 /* Fonts */ = {
			isa = PBXGroup;
			children = (
				226C02BF2C2D6B9E00F99F01 /* Fontisto.ttf */,
				226C02C02C2D6B9E00F99F01 /* Octicons.ttf */,
				226C02C12C2D6B9E00F99F01 /* Feather.ttf */,
				226C02C22C2D6B9E00F99F01 /* FontAwesome6_Regular.ttf */,
				226C02C32C2D6B9E00F99F01 /* Entypo.ttf */,
				226C02C42C2D6B9E00F99F01 /* FontAwesome5_Brands.ttf */,
				226C02C52C2D6B9E00F99F01 /* MaterialCommunityIcons.ttf */,
				226C02C62C2D6B9E00F99F01 /* AntDesign.ttf */,
				226C02C72C2D6B9E00F99F01 /* Foundation.ttf */,
				226C02C82C2D6B9E00F99F01 /* Ionicons.ttf */,
				226C02C92C2D6B9E00F99F01 /* FontAwesome5_Solid.ttf */,
				226C02CA2C2D6B9E00F99F01 /* FontAwesome5_Regular.ttf */,
				226C02CB2C2D6B9E00F99F01 /* FontAwesome.ttf */,
				226C02CC2C2D6B9E00F99F01 /* Zocial.ttf */,
				226C02CD2C2D6B9E00F99F01 /* EvilIcons.ttf */,
				226C02CE2C2D6B9E00F99F01 /* FontAwesome6_Solid.ttf */,
				226C02CF2C2D6B9E00F99F01 /* SimpleLineIcons.ttf */,
				226C02D02C2D6B9E00F99F01 /* FontAwesome6_Brands.ttf */,
				226C02D12C2D6B9E00F99F01 /* MaterialIcons.ttf */,
			);
			name = Fonts;
			path = "../node_modules/react-native-vector-icons/Fonts";
			sourceTree = "<group>";
		};
		2D16E6871FA4F8E400B85C8A /* Frameworks */ = {
			isa = PBXGroup;
			children = (
				ED297162215061F000B7C4FE /* JavaScriptCore.framework */,
				1DBD58F65BB0ABD4E2A60B13 /* libPods-Timbuktu.a */,
				A73DE809575D520A370D2733 /* libPods-Timbuktu-TimbuktuTests.a */,
			);
			name = Frameworks;
			sourceTree = "<group>";
		};
		832341AE1AAA6A7D00B99B32 /* Libraries */ = {
			isa = PBXGroup;
			children = (
			);
			name = Libraries;
			sourceTree = "<group>";
		};
		83CBB9F61A601CBA00E9B192 = {
			isa = PBXGroup;
			children = (
				6132EF172BDFF13200BBE14D /* PrivacyInfo.xcprivacy */,
				13B07FAE1A68108700A75B9A /* Timbuktu */,
				832341AE1AAA6A7D00B99B32 /* Libraries */,
				00E356EF1AD99517003FC87E /* TimbuktuTests */,
				83CBBA001A601CBA00E9B192 /* Products */,
				2D16E6871FA4F8E400B85C8A /* Frameworks */,
				BBD78D7AC51CEA395F1C20DB /* Pods */,
				AF46D0DD528941BF99EE3A57 /* Resources */,
			);
			indentWidth = 2;
			sourceTree = "<group>";
			tabWidth = 2;
			usesTabs = 0;
		};
		83CBBA001A601CBA00E9B192 /* Products */ = {
			isa = PBXGroup;
			children = (
				13B07F961A680F5B00A75B9A /* Timbuktu.app */,
				00E356EE1AD99517003FC87E /* TimbuktuTests.xctest */,
			);
			name = Products;
			sourceTree = "<group>";
		};
		AF46D0DD528941BF99EE3A57 /* Resources */ = {
			isa = PBXGroup;
			children = (
				6B53501D261F489085AEC59D /* Poppins-Black.ttf */,
				37A12FB590B8486EA5D92170 /* Poppins-Bold.ttf */,
				C02D70C8FB9942FDB662278C /* Poppins-ExtraBold.ttf */,
				BC1ABB7FE84B4A4A8591CB29 /* Poppins-ExtraLight.ttf */,
				B9D74E840A744ECEAD57FF3A /* Poppins-Light.ttf */,
				CEAA1341559041E7BE359943 /* Poppins-Medium.ttf */,
				45900CF5F76E4F1082616FCE /* Poppins-Regular.ttf */,
				ACCA21F692634958A60DA04A /* Poppins-SemiBold.ttf */,
				DE85924B28024376B87F0EBF /* Poppins-Thin.ttf */,
			);
			name = Resources;
			sourceTree = "<group>";
		};
		BBD78D7AC51CEA395F1C20DB /* Pods */ = {
			isa = PBXGroup;
			children = (
				717A6ECB9889C3BC03FA2675 /* Pods-Timbuktu.debug.xcconfig */,
				D996A616B8CDA5B399C9A8C0 /* Pods-Timbuktu.release.xcconfig */,
				B691D380A94B225E5CC5BA44 /* Pods-Timbuktu-TimbuktuTests.debug.xcconfig */,
				491FD71EFE54C79EA7882B7F /* Pods-Timbuktu-TimbuktuTests.release.xcconfig */,
			);
			path = Pods;
			sourceTree = "<group>";
		};
/* End PBXGroup section */

/* Begin PBXNativeTarget section */
		00E356ED1AD99517003FC87E /* TimbuktuTests */ = {
			isa = PBXNativeTarget;
			buildConfigurationList = 00E357021AD99517003FC87E /* Build configuration list for PBXNativeTarget "TimbuktuTests" */;
			buildPhases = (
				A7D71C972A7DF5160850EACB /* [CP] Check Pods Manifest.lock */,
				00E356EA1AD99517003FC87E /* Sources */,
				00E356EB1AD99517003FC87E /* Frameworks */,
				00E356EC1AD99517003FC87E /* Resources */,
				D62D648C0B50B8D673B9F94D /* [CP] Embed Pods Frameworks */,
				A823B863E70C3DE586A0BB63 /* [CP] Copy Pods Resources */,
			);
			buildRules = (
			);
			dependencies = (
				00E356F51AD99517003FC87E /* PBXTargetDependency */,
			);
			name = TimbuktuTests;
			productName = TimbuktuTests;
			productReference = 00E356EE1AD99517003FC87E /* TimbuktuTests.xctest */;
			productType = "com.apple.product-type.bundle.unit-test";
		};
		13B07F861A680F5B00A75B9A /* Timbuktu */ = {
			isa = PBXNativeTarget;
			buildConfigurationList = 13B07F931A680F5B00A75B9A /* Build configuration list for PBXNativeTarget "Timbuktu" */;
			buildPhases = (
				D103F1E6B629961B74B2D4A5 /* [CP] Check Pods Manifest.lock */,
				13B07F871A680F5B00A75B9A /* Sources */,
				13B07F8C1A680F5B00A75B9A /* Frameworks */,
				13B07F8E1A680F5B00A75B9A /* Resources */,
				00DD1BFF1BD5951E006B06BC /* Bundle React Native code and images */,
				07A5B4AB167B2B436E677E4B /* [CP] Embed Pods Frameworks */,
				1C4E6D737CC3FC9A40671A83 /* [CP] Copy Pods Resources */,
			);
			buildRules = (
			);
			dependencies = (
			);
			name = Timbuktu;
			productName = Timbuktu;
			productReference = 13B07F961A680F5B00A75B9A /* Timbuktu.app */;
			productType = "com.apple.product-type.application";
		};
/* End PBXNativeTarget section */

/* Begin PBXProject section */
		83CBB9F71A601CBA00E9B192 /* Project object */ = {
			isa = PBXProject;
			attributes = {
				LastUpgradeCheck = 1210;
				TargetAttributes = {
					00E356ED1AD99517003FC87E = {
						CreatedOnToolsVersion = 6.2;
						TestTargetID = 13B07F861A680F5B00A75B9A;
					};
					13B07F861A680F5B00A75B9A = {
						LastSwiftMigration = 1120;
					};
				};
			};
			buildConfigurationList = 83CBB9FA1A601CBA00E9B192 /* Build configuration list for PBXProject "Timbuktu" */;
			compatibilityVersion = "Xcode 12.0";
			developmentRegion = en;
			hasScannedForEncodings = 0;
			knownRegions = (
				en,
				Base,
			);
			mainGroup = 83CBB9F61A601CBA00E9B192;
			productRefGroup = 83CBBA001A601CBA00E9B192 /* Products */;
			projectDirPath = "";
			projectRoot = "";
			targets = (
				13B07F861A680F5B00A75B9A /* Timbuktu */,
				00E356ED1AD99517003FC87E /* TimbuktuTests */,
			);
		};
/* End PBXProject section */

/* Begin PBXResourcesBuildPhase section */
		00E356EC1AD99517003FC87E /* Resources */ = {
			isa = PBXResourcesBuildPhase;
			buildActionMask = 2147483647;
			files = (
			);
			runOnlyForDeploymentPostprocessing = 0;
		};
		13B07F8E1A680F5B00A75B9A /* Resources */ = {
			isa = PBXResourcesBuildPhase;
			buildActionMask = 2147483647;
			files = (
				6132EF182BDFF13200BBE14D /* PrivacyInfo.xcprivacy in Resources */,
				81AB9BB82411601600AC10FF /* LaunchScreen.storyboard in Resources */,
				226C02DC2C2D6B9E00F99F01 /* FontAwesome5_Solid.ttf in Resources */,
				226C02DB2C2D6B9E00F99F01 /* Ionicons.ttf in Resources */,
				226C02DF2C2D6B9E00F99F01 /* Zocial.ttf in Resources */,
				226C02D42C2D6B9E00F99F01 /* Feather.ttf in Resources */,
				226C02E12C2D6B9E00F99F01 /* FontAwesome6_Solid.ttf in Resources */,
				226C02D72C2D6B9E00F99F01 /* FontAwesome5_Brands.ttf in Resources */,
				226C02E02C2D6B9E00F99F01 /* EvilIcons.ttf in Resources */,
				226C02D52C2D6B9E00F99F01 /* FontAwesome6_Regular.ttf in Resources */,
				226C02E32C2D6B9E00F99F01 /* FontAwesome6_Brands.ttf in Resources */,
				13B07FBF1A68108700A75B9A /* Images.xcassets in Resources */,
				87A40F434C0A4F0BB598E7B2 /* Poppins-Black.ttf in Resources */,
				46D3D59250FC4417B3B107AD /* Poppins-Bold.ttf in Resources */,
				75BCD6F43DFC4E68946D4727 /* Poppins-ExtraBold.ttf in Resources */,
				6BCC7E35CE0B4B9C93289518 /* Poppins-ExtraLight.ttf in Resources */,
				5CDEA7E59F0D4C0CA0972DB4 /* Poppins-Light.ttf in Resources */,
				226C02D22C2D6B9E00F99F01 /* Fontisto.ttf in Resources */,
				D8514C51FDC949C6BF6AF0A9 /* Poppins-Medium.ttf in Resources */,
				226C02D32C2D6B9E00F99F01 /* Octicons.ttf in Resources */,
				226C02DE2C2D6B9E00F99F01 /* FontAwesome.ttf in Resources */,
				226C02D92C2D6B9E00F99F01 /* AntDesign.ttf in Resources */,
				226C02DA2C2D6B9E00F99F01 /* Foundation.ttf in Resources */,
				226C02DD2C2D6B9E00F99F01 /* FontAwesome5_Regular.ttf in Resources */,
				FFA189F75347451880E32BD7 /* Poppins-Regular.ttf in Resources */,
				226C02E42C2D6B9E00F99F01 /* MaterialIcons.ttf in Resources */,
				226C02D82C2D6B9E00F99F01 /* MaterialCommunityIcons.ttf in Resources */,
				AEF18853DE194C8DB38BAF98 /* Poppins-SemiBold.ttf in Resources */,
				226C02E22C2D6B9E00F99F01 /* SimpleLineIcons.ttf in Resources */,
				226C02D62C2D6B9E00F99F01 /* Entypo.ttf in Resources */,
				3EB919F61EEA43A89D26CC07 /* Poppins-Thin.ttf in Resources */,
			);
			runOnlyForDeploymentPostprocessing = 0;
		};
/* End PBXResourcesBuildPhase section */

/* Begin PBXShellScriptBuildPhase section */
		00DD1BFF1BD5951E006B06BC /* Bundle React Native code and images */ = {
			isa = PBXShellScriptBuildPhase;
			buildActionMask = 2147483647;
			files = (
			);
			inputPaths = (
				"$(SRCROOT)/.xcode.env.local",
				"$(SRCROOT)/.xcode.env",
			);
			name = "Bundle React Native code and images";
			outputPaths = (
			);
			runOnlyForDeploymentPostprocessing = 0;
			shellPath = /bin/sh;
			shellScript = "set -e\n\nWITH_ENVIRONMENT=\"../node_modules/react-native/scripts/xcode/with-environment.sh\"\nREACT_NATIVE_XCODE=\"../node_modules/react-native/scripts/react-native-xcode.sh\"\n\n/bin/sh -c \"$WITH_ENVIRONMENT $REACT_NATIVE_XCODE\"\n";
		};
		07A5B4AB167B2B436E677E4B /* [CP] Embed Pods Frameworks */ = {
			isa = PBXShellScriptBuildPhase;
			buildActionMask = 2147483647;
			files = (
			);
			inputFileListPaths = (
				"${PODS_ROOT}/Target Support Files/Pods-Timbuktu/Pods-Timbuktu-frameworks-${CONFIGURATION}-input-files.xcfilelist",
			);
			name = "[CP] Embed Pods Frameworks";
			outputFileListPaths = (
				"${PODS_ROOT}/Target Support Files/Pods-Timbuktu/Pods-Timbuktu-frameworks-${CONFIGURATION}-output-files.xcfilelist",
			);
			runOnlyForDeploymentPostprocessing = 0;
			shellPath = /bin/sh;
			shellScript = "\"${PODS_ROOT}/Target Support Files/Pods-Timbuktu/Pods-Timbuktu-frameworks.sh\"\n";
			showEnvVarsInLog = 0;
		};
		1C4E6D737CC3FC9A40671A83 /* [CP] Copy Pods Resources */ = {
			isa = PBXShellScriptBuildPhase;
			buildActionMask = 2147483647;
			files = (
			);
			inputFileListPaths = (
				"${PODS_ROOT}/Target Support Files/Pods-Timbuktu/Pods-Timbuktu-resources-${CONFIGURATION}-input-files.xcfilelist",
			);
			name = "[CP] Copy Pods Resources";
			outputFileListPaths = (
				"${PODS_ROOT}/Target Support Files/Pods-Timbuktu/Pods-Timbuktu-resources-${CONFIGURATION}-output-files.xcfilelist",
			);
			runOnlyForDeploymentPostprocessing = 0;
			shellPath = /bin/sh;
			shellScript = "\"${PODS_ROOT}/Target Support Files/Pods-Timbuktu/Pods-Timbuktu-resources.sh\"\n";
			showEnvVarsInLog = 0;
		};
		A7D71C972A7DF5160850EACB /* [CP] Check Pods Manifest.lock */ = {
			isa = PBXShellScriptBuildPhase;
			buildActionMask = 2147483647;
			files = (
			);
			inputFileListPaths = (
			);
			inputPaths = (
				"${PODS_PODFILE_DIR_PATH}/Podfile.lock",
				"${PODS_ROOT}/Manifest.lock",
			);
			name = "[CP] Check Pods Manifest.lock";
			outputFileListPaths = (
			);
			outputPaths = (
				"$(DERIVED_FILE_DIR)/Pods-Timbuktu-TimbuktuTests-checkManifestLockResult.txt",
			);
			runOnlyForDeploymentPostprocessing = 0;
			shellPath = /bin/sh;
			shellScript = "diff \"${PODS_PODFILE_DIR_PATH}/Podfile.lock\" \"${PODS_ROOT}/Manifest.lock\" > /dev/null\nif [ $? != 0 ] ; then\n    # print error to STDERR\n    echo \"error: The sandbox is not in sync with the Podfile.lock. Run 'pod install' or update your CocoaPods installation.\" >&2\n    exit 1\nfi\n# This output is used by Xcode 'outputs' to avoid re-running this script phase.\necho \"SUCCESS\" > \"${SCRIPT_OUTPUT_FILE_0}\"\n";
			showEnvVarsInLog = 0;
		};
		A823B863E70C3DE586A0BB63 /* [CP] Copy Pods Resources */ = {
			isa = PBXShellScriptBuildPhase;
			buildActionMask = 2147483647;
			files = (
			);
			inputFileListPaths = (
				"${PODS_ROOT}/Target Support Files/Pods-Timbuktu-TimbuktuTests/Pods-Timbuktu-TimbuktuTests-resources-${CONFIGURATION}-input-files.xcfilelist",
			);
			name = "[CP] Copy Pods Resources";
			outputFileListPaths = (
				"${PODS_ROOT}/Target Support Files/Pods-Timbuktu-TimbuktuTests/Pods-Timbuktu-TimbuktuTests-resources-${CONFIGURATION}-output-files.xcfilelist",
			);
			runOnlyForDeploymentPostprocessing = 0;
			shellPath = /bin/sh;
			shellScript = "\"${PODS_ROOT}/Target Support Files/Pods-Timbuktu-TimbuktuTests/Pods-Timbuktu-TimbuktuTests-resources.sh\"\n";
			showEnvVarsInLog = 0;
		};
		D103F1E6B629961B74B2D4A5 /* [CP] Check Pods Manifest.lock */ = {
			isa = PBXShellScriptBuildPhase;
			buildActionMask = 2147483647;
			files = (
			);
			inputFileListPaths = (
			);
			inputPaths = (
				"${PODS_PODFILE_DIR_PATH}/Podfile.lock",
				"${PODS_ROOT}/Manifest.lock",
			);
			name = "[CP] Check Pods Manifest.lock";
			outputFileListPaths = (
			);
			outputPaths = (
				"$(DERIVED_FILE_DIR)/Pods-Timbuktu-checkManifestLockResult.txt",
			);
			runOnlyForDeploymentPostprocessing = 0;
			shellPath = /bin/sh;
			shellScript = "diff \"${PODS_PODFILE_DIR_PATH}/Podfile.lock\" \"${PODS_ROOT}/Manifest.lock\" > /dev/null\nif [ $? != 0 ] ; then\n    # print error to STDERR\n    echo \"error: The sandbox is not in sync with the Podfile.lock. Run 'pod install' or update your CocoaPods installation.\" >&2\n    exit 1\nfi\n# This output is used by Xcode 'outputs' to avoid re-running this script phase.\necho \"SUCCESS\" > \"${SCRIPT_OUTPUT_FILE_0}\"\n";
			showEnvVarsInLog = 0;
		};
		D62D648C0B50B8D673B9F94D /* [CP] Embed Pods Frameworks */ = {
			isa = PBXShellScriptBuildPhase;
			buildActionMask = 2147483647;
			files = (
			);
			inputFileListPaths = (
				"${PODS_ROOT}/Target Support Files/Pods-Timbuktu-TimbuktuTests/Pods-Timbuktu-TimbuktuTests-frameworks-${CONFIGURATION}-input-files.xcfilelist",
			);
			name = "[CP] Embed Pods Frameworks";
			outputFileListPaths = (
				"${PODS_ROOT}/Target Support Files/Pods-Timbuktu-TimbuktuTests/Pods-Timbuktu-TimbuktuTests-frameworks-${CONFIGURATION}-output-files.xcfilelist",
			);
			runOnlyForDeploymentPostprocessing = 0;
			shellPath = /bin/sh;
			shellScript = "\"${PODS_ROOT}/Target Support Files/Pods-Timbuktu-TimbuktuTests/Pods-Timbuktu-TimbuktuTests-frameworks.sh\"\n";
			showEnvVarsInLog = 0;
		};
/* End PBXShellScriptBuildPhase section */

/* Begin PBXSourcesBuildPhase section */
		00E356EA1AD99517003FC87E /* Sources */ = {
			isa = PBXSourcesBuildPhase;
			buildActionMask = 2147483647;
			files = (
				00E356F31AD99517003FC87E /* TimbuktuTests.m in Sources */,
			);
			runOnlyForDeploymentPostprocessing = 0;
		};
		13B07F871A680F5B00A75B9A /* Sources */ = {
			isa = PBXSourcesBuildPhase;
			buildActionMask = 2147483647;
			files = (
				13B07FBC1A68108700A75B9A /* AppDelegate.mm in Sources */,
				13B07FC11A68108700A75B9A /* main.m in Sources */,
			);
			runOnlyForDeploymentPostprocessing = 0;
		};
/* End PBXSourcesBuildPhase section */

/* Begin PBXTargetDependency section */
		00E356F51AD99517003FC87E /* PBXTargetDependency */ = {
			isa = PBXTargetDependency;
			target = 13B07F861A680F5B00A75B9A /* Timbuktu */;
			targetProxy = 00E356F41AD99517003FC87E /* PBXContainerItemProxy */;
		};
/* End PBXTargetDependency section */

/* Begin XCBuildConfiguration section */
		00E356F61AD99517003FC87E /* Debug */ = {
			isa = XCBuildConfiguration;
			baseConfigurationReference = B691D380A94B225E5CC5BA44 /* Pods-Timbuktu-TimbuktuTests.debug.xcconfig */;
			buildSettings = {
				BUNDLE_LOADER = "$(TEST_HOST)";
				GCC_PREPROCESSOR_DEFINITIONS = (
					"DEBUG=1",
					"$(inherited)",
				);
				INFOPLIST_FILE = TimbuktuTests/Info.plist;
				IPHONEOS_DEPLOYMENT_TARGET = 13.4;
				LD_RUNPATH_SEARCH_PATHS = (
					"$(inherited)",
					"@executable_path/Frameworks",
					"@loader_path/Frameworks",
				);
				OTHER_LDFLAGS = (
					"-ObjC",
					"-lc++",
					"$(inherited)",
				);
				PRODUCT_BUNDLE_IDENTIFIER = "org.reactjs.native.example.$(PRODUCT_NAME:rfc1034identifier)";
				PRODUCT_NAME = "$(TARGET_NAME)";
				TEST_HOST = "$(BUILT_PRODUCTS_DIR)/Timbuktu.app/Timbuktu";
			};
			name = Debug;
		};
		00E356F71AD99517003FC87E /* Release */ = {
			isa = XCBuildConfiguration;
			baseConfigurationReference = 491FD71EFE54C79EA7882B7F /* Pods-Timbuktu-TimbuktuTests.release.xcconfig */;
			buildSettings = {
				BUNDLE_LOADER = "$(TEST_HOST)";
				COPY_PHASE_STRIP = NO;
				INFOPLIST_FILE = TimbuktuTests/Info.plist;
				IPHONEOS_DEPLOYMENT_TARGET = 13.4;
				LD_RUNPATH_SEARCH_PATHS = (
					"$(inherited)",
					"@executable_path/Frameworks",
					"@loader_path/Frameworks",
				);
				OTHER_LDFLAGS = (
					"-ObjC",
					"-lc++",
					"$(inherited)",
				);
				PRODUCT_BUNDLE_IDENTIFIER = "org.reactjs.native.example.$(PRODUCT_NAME:rfc1034identifier)";
				PRODUCT_NAME = "$(TARGET_NAME)";
				TEST_HOST = "$(BUILT_PRODUCTS_DIR)/Timbuktu.app/Timbuktu";
			};
			name = Release;
		};
		13B07F941A680F5B00A75B9A /* Debug */ = {
			isa = XCBuildConfiguration;
			baseConfigurationReference = 717A6ECB9889C3BC03FA2675 /* Pods-Timbuktu.debug.xcconfig */;
			buildSettings = {
				ASSETCATALOG_COMPILER_APPICON_NAME = AppIcon;
				CLANG_ENABLE_MODULES = YES;
				CURRENT_PROJECT_VERSION = 1;
				ENABLE_BITCODE = NO;
				INFOPLIST_FILE = Timbuktu/Info.plist;
				LD_RUNPATH_SEARCH_PATHS = (
					"$(inherited)",
					"@executable_path/Frameworks",
				);
				MARKETING_VERSION = 1.0;
				OTHER_LDFLAGS = (
					"$(inherited)",
					"-ObjC",
					"-lc++",
				);
				PRODUCT_BUNDLE_IDENTIFIER = "org.reactjs.native.example.$(PRODUCT_NAME:rfc1034identifier)";
				PRODUCT_NAME = Timbuktu;
				SWIFT_OPTIMIZATION_LEVEL = "-Onone";
				SWIFT_VERSION = 5.0;
				VERSIONING_SYSTEM = "apple-generic";
			};
			name = Debug;
		};
		13B07F951A680F5B00A75B9A /* Release */ = {
			isa = XCBuildConfiguration;
			baseConfigurationReference = D996A616B8CDA5B399C9A8C0 /* Pods-Timbuktu.release.xcconfig */;
			buildSettings = {
				ASSETCATALOG_COMPILER_APPICON_NAME = AppIcon;
				CLANG_ENABLE_MODULES = YES;
				CURRENT_PROJECT_VERSION = 1;
				INFOPLIST_FILE = Timbuktu/Info.plist;
				LD_RUNPATH_SEARCH_PATHS = (
					"$(inherited)",
					"@executable_path/Frameworks",
				);
				MARKETING_VERSION = 1.0;
				OTHER_LDFLAGS = (
					"$(inherited)",
					"-ObjC",
					"-lc++",
				);
				PRODUCT_BUNDLE_IDENTIFIER = "org.reactjs.native.example.$(PRODUCT_NAME:rfc1034identifier)";
				PRODUCT_NAME = Timbuktu;
				SWIFT_VERSION = 5.0;
				VERSIONING_SYSTEM = "apple-generic";
			};
			name = Release;
		};
		83CBBA201A601CBA00E9B192 /* Debug */ = {
			isa = XCBuildConfiguration;
			buildSettings = {
				ALWAYS_SEARCH_USER_PATHS = NO;
				CLANG_ANALYZER_LOCALIZABILITY_NONLOCALIZED = YES;
				CLANG_CXX_LANGUAGE_STANDARD = "c++20";
				CLANG_CXX_LIBRARY = "libc++";
				CLANG_ENABLE_MODULES = YES;
				CLANG_ENABLE_OBJC_ARC = YES;
				CLANG_WARN_BLOCK_CAPTURE_AUTORELEASING = YES;
				CLANG_WARN_BOOL_CONVERSION = YES;
				CLANG_WARN_COMMA = YES;
				CLANG_WARN_CONSTANT_CONVERSION = YES;
				CLANG_WARN_DEPRECATED_OBJC_IMPLEMENTATIONS = YES;
				CLANG_WARN_DIRECT_OBJC_ISA_USAGE = YES_ERROR;
				CLANG_WARN_EMPTY_BODY = YES;
				CLANG_WARN_ENUM_CONVERSION = YES;
				CLANG_WARN_INFINITE_RECURSION = YES;
				CLANG_WARN_INT_CONVERSION = YES;
				CLANG_WARN_NON_LITERAL_NULL_CONVERSION = YES;
				CLANG_WARN_OBJC_IMPLICIT_RETAIN_SELF = YES;
				CLANG_WARN_OBJC_LITERAL_CONVERSION = YES;
				CLANG_WARN_OBJC_ROOT_CLASS = YES_ERROR;
				CLANG_WARN_QUOTED_INCLUDE_IN_FRAMEWORK_HEADER = YES;
				CLANG_WARN_RANGE_LOOP_ANALYSIS = YES;
				CLANG_WARN_STRICT_PROTOTYPES = YES;
				CLANG_WARN_SUSPICIOUS_MOVE = YES;
				CLANG_WARN_UNREACHABLE_CODE = YES;
				CLANG_WARN__DUPLICATE_METHOD_MATCH = YES;
				"CODE_SIGN_IDENTITY[sdk=iphoneos*]" = "iPhone Developer";
				COPY_PHASE_STRIP = NO;
				ENABLE_STRICT_OBJC_MSGSEND = YES;
				ENABLE_TESTABILITY = YES;
				"EXCLUDED_ARCHS[sdk=iphonesimulator*]" = i386;
				GCC_C_LANGUAGE_STANDARD = gnu99;
				GCC_DYNAMIC_NO_PIC = NO;
				GCC_NO_COMMON_BLOCKS = YES;
				GCC_OPTIMIZATION_LEVEL = 0;
				GCC_PREPROCESSOR_DEFINITIONS = (
					"DEBUG=1",
					"$(inherited)",
				);
				GCC_SYMBOLS_PRIVATE_EXTERN = NO;
				GCC_WARN_64_TO_32_BIT_CONVERSION = YES;
				GCC_WARN_ABOUT_RETURN_TYPE = YES_ERROR;
				GCC_WARN_UNDECLARED_SELECTOR = YES;
				GCC_WARN_UNINITIALIZED_AUTOS = YES_AGGRESSIVE;
				GCC_WARN_UNUSED_FUNCTION = YES;
				GCC_WARN_UNUSED_VARIABLE = YES;
				HEADER_SEARCH_PATHS = (
					"$(inherited)",
					"${PODS_CONFIGURATION_BUILD_DIR}/ReactCommon/ReactCommon.framework/Headers",
					"${PODS_CONFIGURATION_BUILD_DIR}/ReactCommon/ReactCommon.framework/Headers/react/nativemodule/core",
					"${PODS_CONFIGURATION_BUILD_DIR}/ReactCommon-Samples/ReactCommon_Samples.framework/Headers",
					"${PODS_CONFIGURATION_BUILD_DIR}/ReactCommon-Samples/ReactCommon_Samples.framework/Headers/platform/ios",
					"${PODS_CONFIGURATION_BUILD_DIR}/React-Fabric/React_Fabric.framework/Headers/react/renderer/components/view/platform/cxx",
					"${PODS_CONFIGURATION_BUILD_DIR}/React-NativeModulesApple/React_NativeModulesApple.framework/Headers",
					"${PODS_CONFIGURATION_BUILD_DIR}/React-graphics/React_graphics.framework/Headers",
					"${PODS_CONFIGURATION_BUILD_DIR}/React-graphics/React_graphics.framework/Headers/react/renderer/graphics/platform/ios",
				);
				IPHONEOS_DEPLOYMENT_TARGET = 13.4;
				LD_RUNPATH_SEARCH_PATHS = (
					/usr/lib/swift,
					"$(inherited)",
				);
				LIBRARY_SEARCH_PATHS = (
					"\"$(SDKROOT)/usr/lib/swift\"",
					"\"$(TOOLCHAIN_DIR)/usr/lib/swift/$(PLATFORM_NAME)\"",
					"\"$(inherited)\"",
				);
				MTL_ENABLE_DEBUG_INFO = YES;
				ONLY_ACTIVE_ARCH = YES;
				OTHER_CFLAGS = "$(inherited)";
				OTHER_CPLUSPLUSFLAGS = (
					"$(OTHER_CFLAGS)",
					"-DFOLLY_NO_CONFIG",
					"-DFOLLY_MOBILE=1",
					"-DFOLLY_USE_LIBCPP=1",
					"-DFOLLY_CFG_NO_COROUTINES=1",
				);
				OTHER_LDFLAGS = (
					"$(inherited)",
					" ",
				);
				REACT_NATIVE_PATH = "${PODS_ROOT}/../../node_modules/react-native";
				SDKROOT = iphoneos;
				USE_HERMES = true;
			};
			name = Debug;
		};
		83CBBA211A601CBA00E9B192 /* Release */ = {
			isa = XCBuildConfiguration;
			buildSettings = {
				ALWAYS_SEARCH_USER_PATHS = NO;
				CLANG_ANALYZER_LOCALIZABILITY_NONLOCALIZED = YES;
				CLANG_CXX_LANGUAGE_STANDARD = "c++20";
				CLANG_CXX_LIBRARY = "libc++";
				CLANG_ENABLE_MODULES = YES;
				CLANG_ENABLE_OBJC_ARC = YES;
				CLANG_WARN_BLOCK_CAPTURE_AUTORELEASING = YES;
				CLANG_WARN_BOOL_CONVERSION = YES;
				CLANG_WARN_COMMA = YES;
				CLANG_WARN_CONSTANT_CONVERSION = YES;
				CLANG_WARN_DEPRECATED_OBJC_IMPLEMENTATIONS = YES;
				CLANG_WARN_DIRECT_OBJC_ISA_USAGE = YES_ERROR;
				CLANG_WARN_EMPTY_BODY = YES;
				CLANG_WARN_ENUM_CONVERSION = YES;
				CLANG_WARN_INFINITE_RECURSION = YES;
				CLANG_WARN_INT_CONVERSION = YES;
				CLANG_WARN_NON_LITERAL_NULL_CONVERSION = YES;
				CLANG_WARN_OBJC_IMPLICIT_RETAIN_SELF = YES;
				CLANG_WARN_OBJC_LITERAL_CONVERSION = YES;
				CLANG_WARN_OBJC_ROOT_CLASS = YES_ERROR;
				CLANG_WARN_QUOTED_INCLUDE_IN_FRAMEWORK_HEADER = YES;
				CLANG_WARN_RANGE_LOOP_ANALYSIS = YES;
				CLANG_WARN_STRICT_PROTOTYPES = YES;
				CLANG_WARN_SUSPICIOUS_MOVE = YES;
				CLANG_WARN_UNREACHABLE_CODE = YES;
				CLANG_WARN__DUPLICATE_METHOD_MATCH = YES;
				"CODE_SIGN_IDENTITY[sdk=iphoneos*]" = "iPhone Developer";
				COPY_PHASE_STRIP = YES;
				ENABLE_NS_ASSERTIONS = NO;
				ENABLE_STRICT_OBJC_MSGSEND = YES;
				"EXCLUDED_ARCHS[sdk=iphonesimulator*]" = i386;
				GCC_C_LANGUAGE_STANDARD = gnu99;
				GCC_NO_COMMON_BLOCKS = YES;
				GCC_WARN_64_TO_32_BIT_CONVERSION = YES;
				GCC_WARN_ABOUT_RETURN_TYPE = YES_ERROR;
				GCC_WARN_UNDECLARED_SELECTOR = YES;
				GCC_WARN_UNINITIALIZED_AUTOS = YES_AGGRESSIVE;
				GCC_WARN_UNUSED_FUNCTION = YES;
				GCC_WARN_UNUSED_VARIABLE = YES;
				HEADER_SEARCH_PATHS = (
					"$(inherited)",
					"${PODS_CONFIGURATION_BUILD_DIR}/ReactCommon/ReactCommon.framework/Headers",
					"${PODS_CONFIGURATION_BUILD_DIR}/ReactCommon/ReactCommon.framework/Headers/react/nativemodule/core",
					"${PODS_CONFIGURATION_BUILD_DIR}/ReactCommon-Samples/ReactCommon_Samples.framework/Headers",
					"${PODS_CONFIGURATION_BUILD_DIR}/ReactCommon-Samples/ReactCommon_Samples.framework/Headers/platform/ios",
					"${PODS_CONFIGURATION_BUILD_DIR}/React-Fabric/React_Fabric.framework/Headers/react/renderer/components/view/platform/cxx",
					"${PODS_CONFIGURATION_BUILD_DIR}/React-NativeModulesApple/React_NativeModulesApple.framework/Headers",
					"${PODS_CONFIGURATION_BUILD_DIR}/React-graphics/React_graphics.framework/Headers",
					"${PODS_CONFIGURATION_BUILD_DIR}/React-graphics/React_graphics.framework/Headers/react/renderer/graphics/platform/ios",
				);
				IPHONEOS_DEPLOYMENT_TARGET = 13.4;
				LD_RUNPATH_SEARCH_PATHS = (
					/usr/lib/swift,
					"$(inherited)",
				);
				LIBRARY_SEARCH_PATHS = (
					"\"$(SDKROOT)/usr/lib/swift\"",
					"\"$(TOOLCHAIN_DIR)/usr/lib/swift/$(PLATFORM_NAME)\"",
					"\"$(inherited)\"",
				);
				MTL_ENABLE_DEBUG_INFO = NO;
				OTHER_CFLAGS = "$(inherited)";
				OTHER_CPLUSPLUSFLAGS = (
					"$(OTHER_CFLAGS)",
					"-DFOLLY_NO_CONFIG",
					"-DFOLLY_MOBILE=1",
					"-DFOLLY_USE_LIBCPP=1",
					"-DFOLLY_CFG_NO_COROUTINES=1",
				);
				OTHER_LDFLAGS = (
					"$(inherited)",
					" ",
				);
				REACT_NATIVE_PATH = "${PODS_ROOT}/../../node_modules/react-native";
				SDKROOT = iphoneos;
				USE_HERMES = true;
				VALIDATE_PRODUCT = YES;
			};
			name = Release;
		};
/* End XCBuildConfiguration section */

/* Begin XCConfigurationList section */
		00E357021AD99517003FC87E /* Build configuration list for PBXNativeTarget "TimbuktuTests" */ = {
			isa = XCConfigurationList;
			buildConfigurations = (
				00E356F61AD99517003FC87E /* Debug */,
				00E356F71AD99517003FC87E /* Release */,
			);
			defaultConfigurationIsVisible = 0;
			defaultConfigurationName = Release;
		};
		13B07F931A680F5B00A75B9A /* Build configuration list for PBXNativeTarget "Timbuktu" */ = {
			isa = XCConfigurationList;
			buildConfigurations = (
				13B07F941A680F5B00A75B9A /* Debug */,
				13B07F951A680F5B00A75B9A /* Release */,
			);
			defaultConfigurationIsVisible = 0;
			defaultConfigurationName = Release;
		};
		83CBB9FA1A601CBA00E9B192 /* Build configuration list for PBXProject "Timbuktu" */ = {
			isa = XCConfigurationList;
			buildConfigurations = (
				83CBBA201A601CBA00E9B192 /* Debug */,
				83CBBA211A601CBA00E9B192 /* Release */,
			);
			defaultConfigurationIsVisible = 0;
			defaultConfigurationName = Release;
		};
/* End XCConfigurationList section */
	};
	rootObject = 83CBB9F71A601CBA00E9B192 /* Project object */;
}
